// !$*UTF8*$!
{
	archiveVersion = 1;
	classes = {
	};
	objectVersion = 56;
	objects = {

/* Begin PBXBuildFile section */
		8CAB4F762BF73B5F0095874F /* AppDelegate.swift in Sources */ = {isa = PBXBuildFile; fileRef = 8CAB4F752BF73B5F0095874F /* AppDelegate.swift */; };
		8CAB4F782BF73B5F0095874F /* SceneDelegate.swift in Sources */ = {isa = PBXBuildFile; fileRef = 8CAB4F772BF73B5F0095874F /* SceneDelegate.swift */; };
		8CAB4F7F2BF73B610095874F /* Assets.xcassets in Resources */ = {isa = PBXBuildFile; fileRef = 8CAB4F7E2BF73B610095874F /* Assets.xcassets */; };
		8CAB4F822BF73B610095874F /* Base in Resources */ = {isa = PBXBuildFile; fileRef = 8CAB4F812BF73B610095874F /* Base */; };
		8CAB4F952BF73C7B0095874F /* RootViewController.swift in Sources */ = {isa = PBXBuildFile; fileRef = 8CAB4F942BF73C7B0095874F /* RootViewController.swift */; };
		8CAB4F972BF73E040095874F /* PopulationViewController.swift in Sources */ = {isa = PBXBuildFile; fileRef = 8CAB4F962BF73E040095874F /* PopulationViewController.swift */; };
		8CAB4F9B2BF73E230095874F /* SolarResourceViewController.swift in Sources */ = {isa = PBXBuildFile; fileRef = 8CAB4F9A2BF73E230095874F /* SolarResourceViewController.swift */; };
		8CAB4F9F2BF73E460095874F /* SpecieViewController.swift in Sources */ = {isa = PBXBuildFile; fileRef = 8CAB4F9E2BF73E460095874F /* SpecieViewController.swift */; };
		8CAB4FA32BF73E740095874F /* WeatherViewController.swift in Sources */ = {isa = PBXBuildFile; fileRef = 8CAB4FA22BF73E740095874F /* WeatherViewController.swift */; };
		8CAB4FA52BF73EF20095874F /* AirQualityViewController.swift in Sources */ = {isa = PBXBuildFile; fileRef = 8CAB4FA42BF73EF20095874F /* AirQualityViewController.swift */; };
		8CAB4FA72BF73F040095874F /* AirQualityViewModel.swift in Sources */ = {isa = PBXBuildFile; fileRef = 8CAB4FA62BF73F040095874F /* AirQualityViewModel.swift */; };
		8CAB4FA92BF73F140095874F /* WeatherViewModel.swift in Sources */ = {isa = PBXBuildFile; fileRef = 8CAB4FA82BF73F140095874F /* WeatherViewModel.swift */; };
		8CAB4FAB2BF73FF00095874F /* SpecieViewModel.swift in Sources */ = {isa = PBXBuildFile; fileRef = 8CAB4FAA2BF73FF00095874F /* SpecieViewModel.swift */; };
		8CAB4FAD2BF740060095874F /* SolarResourceViewModel.swift in Sources */ = {isa = PBXBuildFile; fileRef = 8CAB4FAC2BF740060095874F /* SolarResourceViewModel.swift */; };
		8CAB4FAF2BF740190095874F /* PopulationViewModel.swift in Sources */ = {isa = PBXBuildFile; fileRef = 8CAB4FAE2BF740190095874F /* PopulationViewModel.swift */; };
		8CAB4FB22BF742670095874F /* NetworkServicePackage in Frameworks */ = {isa = PBXBuildFile; productRef = 8CAB4FB12BF742670095874F /* NetworkServicePackage */; };
		8CAB4FB52BF751440095874F /* AirQuality.swift in Sources */ = {isa = PBXBuildFile; fileRef = 8CAB4FB42BF751440095874F /* AirQuality.swift */; };
		8CD35A5D2BF7880800E9D7E4 /* ImageExtention.swift in Sources */ = {isa = PBXBuildFile; fileRef = 8CD35A5C2BF7880800E9D7E4 /* ImageExtention.swift */; };
		8CD35A5F2BF7882700E9D7E4 /* Weather.swift in Sources */ = {isa = PBXBuildFile; fileRef = 8CD35A5E2BF7882700E9D7E4 /* Weather.swift */; };
		8CD35A612BF7884300E9D7E4 /* Species.swift in Sources */ = {isa = PBXBuildFile; fileRef = 8CD35A602BF7884300E9D7E4 /* Species.swift */; };
		8CD35A632BF7886000E9D7E4 /* SolarData.swift in Sources */ = {isa = PBXBuildFile; fileRef = 8CD35A622BF7886000E9D7E4 /* SolarData.swift */; };
		8CD35A652BF7886F00E9D7E4 /* PopulationData.swift in Sources */ = {isa = PBXBuildFile; fileRef = 8CD35A642BF7886F00E9D7E4 /* PopulationData.swift */; };
/* End PBXBuildFile section */

/* Begin PBXFileReference section */
		8CAB4F722BF73B5F0095874F /* CollabProject.app */ = {isa = PBXFileReference; explicitFileType = wrapper.application; includeInIndex = 0; path = CollabProject.app; sourceTree = BUILT_PRODUCTS_DIR; };
		8CAB4F752BF73B5F0095874F /* AppDelegate.swift */ = {isa = PBXFileReference; lastKnownFileType = sourcecode.swift; path = AppDelegate.swift; sourceTree = "<group>"; };
		8CAB4F772BF73B5F0095874F /* SceneDelegate.swift */ = {isa = PBXFileReference; lastKnownFileType = sourcecode.swift; path = SceneDelegate.swift; sourceTree = "<group>"; };
		8CAB4F7E2BF73B610095874F /* Assets.xcassets */ = {isa = PBXFileReference; lastKnownFileType = folder.assetcatalog; path = Assets.xcassets; sourceTree = "<group>"; };
		8CAB4F812BF73B610095874F /* Base */ = {isa = PBXFileReference; lastKnownFileType = file.storyboard; name = Base; path = Base.lproj/LaunchScreen.storyboard; sourceTree = "<group>"; };
		8CAB4F832BF73B610095874F /* Info.plist */ = {isa = PBXFileReference; lastKnownFileType = text.plist.xml; path = Info.plist; sourceTree = "<group>"; };
		8CAB4F942BF73C7B0095874F /* RootViewController.swift */ = {isa = PBXFileReference; lastKnownFileType = sourcecode.swift; path = RootViewController.swift; sourceTree = "<group>"; };
		8CAB4F962BF73E040095874F /* PopulationViewController.swift */ = {isa = PBXFileReference; lastKnownFileType = sourcecode.swift; path = PopulationViewController.swift; sourceTree = "<group>"; };
		8CAB4F9A2BF73E230095874F /* SolarResourceViewController.swift */ = {isa = PBXFileReference; lastKnownFileType = sourcecode.swift; path = SolarResourceViewController.swift; sourceTree = "<group>"; };
		8CAB4F9E2BF73E460095874F /* SpecieViewController.swift */ = {isa = PBXFileReference; lastKnownFileType = sourcecode.swift; path = SpecieViewController.swift; sourceTree = "<group>"; };
		8CAB4FA22BF73E740095874F /* WeatherViewController.swift */ = {isa = PBXFileReference; lastKnownFileType = sourcecode.swift; path = WeatherViewController.swift; sourceTree = "<group>"; };
		8CAB4FA42BF73EF20095874F /* AirQualityViewController.swift */ = {isa = PBXFileReference; lastKnownFileType = sourcecode.swift; path = AirQualityViewController.swift; sourceTree = "<group>"; };
		8CAB4FA62BF73F040095874F /* AirQualityViewModel.swift */ = {isa = PBXFileReference; lastKnownFileType = sourcecode.swift; path = AirQualityViewModel.swift; sourceTree = "<group>"; };
		8CAB4FA82BF73F140095874F /* WeatherViewModel.swift */ = {isa = PBXFileReference; lastKnownFileType = sourcecode.swift; path = WeatherViewModel.swift; sourceTree = "<group>"; };
		8CAB4FAA2BF73FF00095874F /* SpecieViewModel.swift */ = {isa = PBXFileReference; lastKnownFileType = sourcecode.swift; path = SpecieViewModel.swift; sourceTree = "<group>"; };
		8CAB4FAC2BF740060095874F /* SolarResourceViewModel.swift */ = {isa = PBXFileReference; lastKnownFileType = sourcecode.swift; path = SolarResourceViewModel.swift; sourceTree = "<group>"; };
		8CAB4FAE2BF740190095874F /* PopulationViewModel.swift */ = {isa = PBXFileReference; lastKnownFileType = sourcecode.swift; path = PopulationViewModel.swift; sourceTree = "<group>"; };
		8CAB4FB42BF751440095874F /* AirQuality.swift */ = {isa = PBXFileReference; lastKnownFileType = sourcecode.swift; path = AirQuality.swift; sourceTree = "<group>"; };
		8CD35A5C2BF7880800E9D7E4 /* ImageExtention.swift */ = {isa = PBXFileReference; lastKnownFileType = sourcecode.swift; path = ImageExtention.swift; sourceTree = "<group>"; };
		8CD35A5E2BF7882700E9D7E4 /* Weather.swift */ = {isa = PBXFileReference; lastKnownFileType = sourcecode.swift; path = Weather.swift; sourceTree = "<group>"; };
		8CD35A602BF7884300E9D7E4 /* Species.swift */ = {isa = PBXFileReference; lastKnownFileType = sourcecode.swift; path = Species.swift; sourceTree = "<group>"; };
		8CD35A622BF7886000E9D7E4 /* SolarData.swift */ = {isa = PBXFileReference; lastKnownFileType = sourcecode.swift; path = SolarData.swift; sourceTree = "<group>"; };
		8CD35A642BF7886F00E9D7E4 /* PopulationData.swift */ = {isa = PBXFileReference; lastKnownFileType = sourcecode.swift; path = PopulationData.swift; sourceTree = "<group>"; };
/* End PBXFileReference section */

/* Begin PBXFrameworksBuildPhase section */
		8CAB4F6F2BF73B5F0095874F /* Frameworks */ = {
			isa = PBXFrameworksBuildPhase;
			buildActionMask = 2147483647;
			files = (
				8CAB4FB22BF742670095874F /* NetworkServicePackage in Frameworks */,
			);
			runOnlyForDeploymentPostprocessing = 0;
		};
/* End PBXFrameworksBuildPhase section */

/* Begin PBXGroup section */
		8CAB4F692BF73B5F0095874F = {
			isa = PBXGroup;
			children = (
				8CAB4F742BF73B5F0095874F /* CollabProject */,
				8CAB4F732BF73B5F0095874F /* Products */,
			);
			sourceTree = "<group>";
		};
		8CAB4F732BF73B5F0095874F /* Products */ = {
			isa = PBXGroup;
			children = (
				8CAB4F722BF73B5F0095874F /* CollabProject.app */,
			);
			name = Products;
			sourceTree = "<group>";
		};
		8CAB4F742BF73B5F0095874F /* CollabProject */ = {
			isa = PBXGroup;
			children = (
				8CAB4FB32BF7429E0095874F /* Extentions */,
				8CAB4F8D2BF73BF20095874F /* Models */,
				8CAB4F8C2BF73BE10095874F /* Scenes */,
				8CAB4F8B2BF73BB50095874F /* Resources */,
				8CAB4F8A2BF73BA50095874F /* Supporting */,
				8CAB4F892BF73B990095874F /* App */,
			);
			path = CollabProject;
			sourceTree = "<group>";
		};
		8CAB4F892BF73B990095874F /* App */ = {
			isa = PBXGroup;
			children = (
				8CAB4F752BF73B5F0095874F /* AppDelegate.swift */,
				8CAB4F772BF73B5F0095874F /* SceneDelegate.swift */,
			);
			path = App;
			sourceTree = "<group>";
		};
		8CAB4F8A2BF73BA50095874F /* Supporting */ = {
			isa = PBXGroup;
			children = (
				8CAB4F832BF73B610095874F /* Info.plist */,
				8CAB4F802BF73B610095874F /* LaunchScreen.storyboard */,
			);
			path = Supporting;
			sourceTree = "<group>";
		};
		8CAB4F8B2BF73BB50095874F /* Resources */ = {
			isa = PBXGroup;
			children = (
				8CAB4F7E2BF73B610095874F /* Assets.xcassets */,
			);
			path = Resources;
			sourceTree = "<group>";
		};
		8CAB4F8C2BF73BE10095874F /* Scenes */ = {
			isa = PBXGroup;
			children = (
				8CAB4F932BF73C480095874F /* RootView */,
				8CAB4F922BF73C360095874F /* Population */,
				8CAB4F912BF73C2F0095874F /* SolarResource */,
				8CAB4F902BF73C260095874F /* Specie */,
				8CAB4F8F2BF73C1E0095874F /* Weather */,
				8CAB4F8E2BF73C0F0095874F /* AirQuality */,
			);
			path = Scenes;
			sourceTree = "<group>";
		};
		8CAB4F8D2BF73BF20095874F /* Models */ = {
			isa = PBXGroup;
			children = (
				8CAB4FB42BF751440095874F /* AirQuality.swift */,
				8CD35A5E2BF7882700E9D7E4 /* Weather.swift */,
				8CD35A602BF7884300E9D7E4 /* Species.swift */,
				8CD35A622BF7886000E9D7E4 /* SolarData.swift */,
				8CD35A642BF7886F00E9D7E4 /* PopulationData.swift */,
			);
			path = Models;
			sourceTree = "<group>";
		};
		8CAB4F8E2BF73C0F0095874F /* AirQuality */ = {
			isa = PBXGroup;
			children = (
				8CAB4FA42BF73EF20095874F /* AirQualityViewController.swift */,
				8CAB4FA62BF73F040095874F /* AirQualityViewModel.swift */,
			);
			path = AirQuality;
			sourceTree = "<group>";
		};
		8CAB4F8F2BF73C1E0095874F /* Weather */ = {
			isa = PBXGroup;
			children = (
				8CAB4FA22BF73E740095874F /* WeatherViewController.swift */,
				8CAB4FA82BF73F140095874F /* WeatherViewModel.swift */,
			);
			path = Weather;
			sourceTree = "<group>";
		};
		8CAB4F902BF73C260095874F /* Specie */ = {
			isa = PBXGroup;
			children = (
				8CAB4F9E2BF73E460095874F /* SpecieViewController.swift */,
				8CAB4FAA2BF73FF00095874F /* SpecieViewModel.swift */,
			);
			path = Specie;
			sourceTree = "<group>";
		};
		8CAB4F912BF73C2F0095874F /* SolarResource */ = {
			isa = PBXGroup;
			children = (
				8CAB4F9A2BF73E230095874F /* SolarResourceViewController.swift */,
				8CAB4FAC2BF740060095874F /* SolarResourceViewModel.swift */,
			);
			path = SolarResource;
			sourceTree = "<group>";
		};
		8CAB4F922BF73C360095874F /* Population */ = {
			isa = PBXGroup;
			children = (
				8CAB4F962BF73E040095874F /* PopulationViewController.swift */,
				8CAB4FAE2BF740190095874F /* PopulationViewModel.swift */,
			);
			path = Population;
			sourceTree = "<group>";
		};
		8CAB4F932BF73C480095874F /* RootView */ = {
			isa = PBXGroup;
			children = (
				8CAB4F942BF73C7B0095874F /* RootViewController.swift */,
			);
			path = RootView;
			sourceTree = "<group>";
		};
		8CAB4FB32BF7429E0095874F /* Extentions */ = {
			isa = PBXGroup;
			children = (
				8CD35A5C2BF7880800E9D7E4 /* ImageExtention.swift */,
			);
			path = Extentions;
			sourceTree = "<group>";
		};
/* End PBXGroup section */

/* Begin PBXNativeTarget section */
		8CAB4F712BF73B5F0095874F /* CollabProject */ = {
			isa = PBXNativeTarget;
			buildConfigurationList = 8CAB4F862BF73B610095874F /* Build configuration list for PBXNativeTarget "CollabProject" */;
			buildPhases = (
				8CAB4F6E2BF73B5F0095874F /* Sources */,
				8CAB4F6F2BF73B5F0095874F /* Frameworks */,
				8CAB4F702BF73B5F0095874F /* Resources */,
			);
			buildRules = (
			);
			dependencies = (
			);
			name = CollabProject;
			packageProductDependencies = (
				8CAB4FB12BF742670095874F /* NetworkServicePackage */,
			);
			productName = CollabProject;
			productReference = 8CAB4F722BF73B5F0095874F /* CollabProject.app */;
			productType = "com.apple.product-type.application";
		};
/* End PBXNativeTarget section */

/* Begin PBXProject section */
		8CAB4F6A2BF73B5F0095874F /* Project object */ = {
			isa = PBXProject;
			attributes = {
				BuildIndependentTargetsInParallel = 1;
				LastSwiftUpdateCheck = 1530;
				LastUpgradeCheck = 1530;
				TargetAttributes = {
					8CAB4F712BF73B5F0095874F = {
						CreatedOnToolsVersion = 15.3;
					};
				};
			};
			buildConfigurationList = 8CAB4F6D2BF73B5F0095874F /* Build configuration list for PBXProject "CollabProject" */;
			compatibilityVersion = "Xcode 14.0";
			developmentRegion = en;
			hasScannedForEncodings = 0;
			knownRegions = (
				en,
				Base,
			);
			mainGroup = 8CAB4F692BF73B5F0095874F;
			packageReferences = (
				8CAB4FB02BF742670095874F /* XCRemoteSwiftPackageReference "FetchingAPI_Package" */,
			);
			productRefGroup = 8CAB4F732BF73B5F0095874F /* Products */;
			projectDirPath = "";
			projectRoot = "";
			targets = (
				8CAB4F712BF73B5F0095874F /* CollabProject */,
			);
		};
/* End PBXProject section */

/* Begin PBXResourcesBuildPhase section */
		8CAB4F702BF73B5F0095874F /* Resources */ = {
			isa = PBXResourcesBuildPhase;
			buildActionMask = 2147483647;
			files = (
				8CAB4F7F2BF73B610095874F /* Assets.xcassets in Resources */,
				8CAB4F822BF73B610095874F /* Base in Resources */,
			);
			runOnlyForDeploymentPostprocessing = 0;
		};
/* End PBXResourcesBuildPhase section */

/* Begin PBXSourcesBuildPhase section */
		8CAB4F6E2BF73B5F0095874F /* Sources */ = {
			isa = PBXSourcesBuildPhase;
			buildActionMask = 2147483647;
			files = (
				8CD35A5D2BF7880800E9D7E4 /* ImageExtention.swift in Sources */,
				8CAB4FA52BF73EF20095874F /* AirQualityViewController.swift in Sources */,
				8CAB4FA92BF73F140095874F /* WeatherViewModel.swift in Sources */,
				8CAB4F762BF73B5F0095874F /* AppDelegate.swift in Sources */,
				8CD35A652BF7886F00E9D7E4 /* PopulationData.swift in Sources */,
				8CAB4FAD2BF740060095874F /* SolarResourceViewModel.swift in Sources */,
				8CAB4F9F2BF73E460095874F /* SpecieViewController.swift in Sources */,
				8CAB4F972BF73E040095874F /* PopulationViewController.swift in Sources */,
				8CAB4FB52BF751440095874F /* AirQuality.swift in Sources */,
				8CD35A5F2BF7882700E9D7E4 /* Weather.swift in Sources */,
				8CD35A632BF7886000E9D7E4 /* SolarData.swift in Sources */,
				8CAB4FA72BF73F040095874F /* AirQualityViewModel.swift in Sources */,
				8CAB4F952BF73C7B0095874F /* RootViewController.swift in Sources */,
				8CAB4FAF2BF740190095874F /* PopulationViewModel.swift in Sources */,
				8CAB4F782BF73B5F0095874F /* SceneDelegate.swift in Sources */,
				8CAB4F9B2BF73E230095874F /* SolarResourceViewController.swift in Sources */,
				8CAB4FA32BF73E740095874F /* WeatherViewController.swift in Sources */,
				8CAB4FAB2BF73FF00095874F /* SpecieViewModel.swift in Sources */,
				8CD35A612BF7884300E9D7E4 /* Species.swift in Sources */,
			);
			runOnlyForDeploymentPostprocessing = 0;
		};
/* End PBXSourcesBuildPhase section */

/* Begin PBXVariantGroup section */
		8CAB4F802BF73B610095874F /* LaunchScreen.storyboard */ = {
			isa = PBXVariantGroup;
			children = (
				8CAB4F812BF73B610095874F /* Base */,
			);
			name = LaunchScreen.storyboard;
			sourceTree = "<group>";
		};
/* End PBXVariantGroup section */

/* Begin XCBuildConfiguration section */
		8CAB4F842BF73B610095874F /* Debug */ = {
			isa = XCBuildConfiguration;
			buildSettings = {
				ALWAYS_SEARCH_USER_PATHS = NO;
				ASSETCATALOG_COMPILER_GENERATE_SWIFT_ASSET_SYMBOL_EXTENSIONS = YES;
				CLANG_ANALYZER_NONNULL = YES;
				CLANG_ANALYZER_NUMBER_OBJECT_CONVERSION = YES_AGGRESSIVE;
				CLANG_CXX_LANGUAGE_STANDARD = "gnu++20";
				CLANG_ENABLE_MODULES = YES;
				CLANG_ENABLE_OBJC_ARC = YES;
				CLANG_ENABLE_OBJC_WEAK = YES;
				CLANG_WARN_BLOCK_CAPTURE_AUTORELEASING = YES;
				CLANG_WARN_BOOL_CONVERSION = YES;
				CLANG_WARN_COMMA = YES;
				CLANG_WARN_CONSTANT_CONVERSION = YES;
				CLANG_WARN_DEPRECATED_OBJC_IMPLEMENTATIONS = YES;
				CLANG_WARN_DIRECT_OBJC_ISA_USAGE = YES_ERROR;
				CLANG_WARN_DOCUMENTATION_COMMENTS = YES;
				CLANG_WARN_EMPTY_BODY = YES;
				CLANG_WARN_ENUM_CONVERSION = YES;
				CLANG_WARN_INFINITE_RECURSION = YES;
				CLANG_WARN_INT_CONVERSION = YES;
				CLANG_WARN_NON_LITERAL_NULL_CONVERSION = YES;
				CLANG_WARN_OBJC_IMPLICIT_RETAIN_SELF = YES;
				CLANG_WARN_OBJC_LITERAL_CONVERSION = YES;
				CLANG_WARN_OBJC_ROOT_CLASS = YES_ERROR;
				CLANG_WARN_QUOTED_INCLUDE_IN_FRAMEWORK_HEADER = YES;
				CLANG_WARN_RANGE_LOOP_ANALYSIS = YES;
				CLANG_WARN_STRICT_PROTOTYPES = YES;
				CLANG_WARN_SUSPICIOUS_MOVE = YES;
				CLANG_WARN_UNGUARDED_AVAILABILITY = YES_AGGRESSIVE;
				CLANG_WARN_UNREACHABLE_CODE = YES;
				CLANG_WARN__DUPLICATE_METHOD_MATCH = YES;
				COPY_PHASE_STRIP = NO;
				DEBUG_INFORMATION_FORMAT = dwarf;
				ENABLE_STRICT_OBJC_MSGSEND = YES;
				ENABLE_TESTABILITY = YES;
				ENABLE_USER_SCRIPT_SANDBOXING = YES;
				GCC_C_LANGUAGE_STANDARD = gnu17;
				GCC_DYNAMIC_NO_PIC = NO;
				GCC_NO_COMMON_BLOCKS = YES;
				GCC_OPTIMIZATION_LEVEL = 0;
				GCC_PREPROCESSOR_DEFINITIONS = (
					"DEBUG=1",
					"$(inherited)",
				);
				GCC_WARN_64_TO_32_BIT_CONVERSION = YES;
				GCC_WARN_ABOUT_RETURN_TYPE = YES_ERROR;
				GCC_WARN_UNDECLARED_SELECTOR = YES;
				GCC_WARN_UNINITIALIZED_AUTOS = YES_AGGRESSIVE;
				GCC_WARN_UNUSED_FUNCTION = YES;
				GCC_WARN_UNUSED_VARIABLE = YES;
				IPHONEOS_DEPLOYMENT_TARGET = 17.4;
				LOCALIZATION_PREFERS_STRING_CATALOGS = YES;
				MTL_ENABLE_DEBUG_INFO = INCLUDE_SOURCE;
				MTL_FAST_MATH = YES;
				ONLY_ACTIVE_ARCH = YES;
				SDKROOT = iphoneos;
				SWIFT_ACTIVE_COMPILATION_CONDITIONS = "DEBUG $(inherited)";
				SWIFT_OPTIMIZATION_LEVEL = "-Onone";
			};
			name = Debug;
		};
		8CAB4F852BF73B610095874F /* Release */ = {
			isa = XCBuildConfiguration;
			buildSettings = {
				ALWAYS_SEARCH_USER_PATHS = NO;
				ASSETCATALOG_COMPILER_GENERATE_SWIFT_ASSET_SYMBOL_EXTENSIONS = YES;
				CLANG_ANALYZER_NONNULL = YES;
				CLANG_ANALYZER_NUMBER_OBJECT_CONVERSION = YES_AGGRESSIVE;
				CLANG_CXX_LANGUAGE_STANDARD = "gnu++20";
				CLANG_ENABLE_MODULES = YES;
				CLANG_ENABLE_OBJC_ARC = YES;
				CLANG_ENABLE_OBJC_WEAK = YES;
				CLANG_WARN_BLOCK_CAPTURE_AUTORELEASING = YES;
				CLANG_WARN_BOOL_CONVERSION = YES;
				CLANG_WARN_COMMA = YES;
				CLANG_WARN_CONSTANT_CONVERSION = YES;
				CLANG_WARN_DEPRECATED_OBJC_IMPLEMENTATIONS = YES;
				CLANG_WARN_DIRECT_OBJC_ISA_USAGE = YES_ERROR;
				CLANG_WARN_DOCUMENTATION_COMMENTS = YES;
				CLANG_WARN_EMPTY_BODY = YES;
				CLANG_WARN_ENUM_CONVERSION = YES;
				CLANG_WARN_INFINITE_RECURSION = YES;
				CLANG_WARN_INT_CONVERSION = YES;
				CLANG_WARN_NON_LITERAL_NULL_CONVERSION = YES;
				CLANG_WARN_OBJC_IMPLICIT_RETAIN_SELF = YES;
				CLANG_WARN_OBJC_LITERAL_CONVERSION = YES;
				CLANG_WARN_OBJC_ROOT_CLASS = YES_ERROR;
				CLANG_WARN_QUOTED_INCLUDE_IN_FRAMEWORK_HEADER = YES;
				CLANG_WARN_RANGE_LOOP_ANALYSIS = YES;
				CLANG_WARN_STRICT_PROTOTYPES = YES;
				CLANG_WARN_SUSPICIOUS_MOVE = YES;
				CLANG_WARN_UNGUARDED_AVAILABILITY = YES_AGGRESSIVE;
				CLANG_WARN_UNREACHABLE_CODE = YES;
				CLANG_WARN__DUPLICATE_METHOD_MATCH = YES;
				COPY_PHASE_STRIP = NO;
				DEBUG_INFORMATION_FORMAT = "dwarf-with-dsym";
				ENABLE_NS_ASSERTIONS = NO;
				ENABLE_STRICT_OBJC_MSGSEND = YES;
				ENABLE_USER_SCRIPT_SANDBOXING = YES;
				GCC_C_LANGUAGE_STANDARD = gnu17;
				GCC_NO_COMMON_BLOCKS = YES;
				GCC_WARN_64_TO_32_BIT_CONVERSION = YES;
				GCC_WARN_ABOUT_RETURN_TYPE = YES_ERROR;
				GCC_WARN_UNDECLARED_SELECTOR = YES;
				GCC_WARN_UNINITIALIZED_AUTOS = YES_AGGRESSIVE;
				GCC_WARN_UNUSED_FUNCTION = YES;
				GCC_WARN_UNUSED_VARIABLE = YES;
				IPHONEOS_DEPLOYMENT_TARGET = 17.4;
				LOCALIZATION_PREFERS_STRING_CATALOGS = YES;
				MTL_ENABLE_DEBUG_INFO = NO;
				MTL_FAST_MATH = YES;
				SDKROOT = iphoneos;
				SWIFT_COMPILATION_MODE = wholemodule;
				VALIDATE_PRODUCT = YES;
			};
			name = Release;
		};
		8CAB4F872BF73B610095874F /* Debug */ = {
			isa = XCBuildConfiguration;
			buildSettings = {
				ASSETCATALOG_COMPILER_APPICON_NAME = AppIcon;
				ASSETCATALOG_COMPILER_GLOBAL_ACCENT_COLOR_NAME = AccentColor;
				CODE_SIGN_STYLE = Automatic;
				CURRENT_PROJECT_VERSION = 1;
				DEVELOPMENT_TEAM = FQNA3Y5XC9;
				GENERATE_INFOPLIST_FILE = YES;
				INFOPLIST_FILE = CollabProject/Supporting/Info.plist;
				INFOPLIST_KEY_UIApplicationSupportsIndirectInputEvents = YES;
				INFOPLIST_KEY_UILaunchStoryboardName = LaunchScreen;
				INFOPLIST_KEY_UISupportedInterfaceOrientations_iPad = "UIInterfaceOrientationPortrait UIInterfaceOrientationPortraitUpsideDown UIInterfaceOrientationLandscapeLeft UIInterfaceOrientationLandscapeRight";
				INFOPLIST_KEY_UISupportedInterfaceOrientations_iPhone = "UIInterfaceOrientationPortrait UIInterfaceOrientationLandscapeLeft UIInterfaceOrientationLandscapeRight";
				LD_RUNPATH_SEARCH_PATHS = (
					"$(inherited)",
					"@executable_path/Frameworks",
				);
				MARKETING_VERSION = 1.0;
				PRODUCT_BUNDLE_IDENTIFIER = ge.academy.CollabProject;
				PRODUCT_NAME = "$(TARGET_NAME)";
				SWIFT_EMIT_LOC_STRINGS = YES;
				SWIFT_VERSION = 5.0;
				TARGETED_DEVICE_FAMILY = "1,2";
			};
			name = Debug;
		};
		8CAB4F882BF73B610095874F /* Release */ = {
			isa = XCBuildConfiguration;
			buildSettings = {
				ASSETCATALOG_COMPILER_APPICON_NAME = AppIcon;
				ASSETCATALOG_COMPILER_GLOBAL_ACCENT_COLOR_NAME = AccentColor;
				CODE_SIGN_STYLE = Automatic;
				CURRENT_PROJECT_VERSION = 1;
				DEVELOPMENT_TEAM = FQNA3Y5XC9;
				GENERATE_INFOPLIST_FILE = YES;
				INFOPLIST_FILE = CollabProject/Supporting/Info.plist;
				INFOPLIST_KEY_UIApplicationSupportsIndirectInputEvents = YES;
				INFOPLIST_KEY_UILaunchStoryboardName = LaunchScreen;
				INFOPLIST_KEY_UISupportedInterfaceOrientations_iPad = "UIInterfaceOrientationPortrait UIInterfaceOrientationPortraitUpsideDown UIInterfaceOrientationLandscapeLeft UIInterfaceOrientationLandscapeRight";
				INFOPLIST_KEY_UISupportedInterfaceOrientations_iPhone = "UIInterfaceOrientationPortrait UIInterfaceOrientationLandscapeLeft UIInterfaceOrientationLandscapeRight";
				LD_RUNPATH_SEARCH_PATHS = (
					"$(inherited)",
					"@executable_path/Frameworks",
				);
				MARKETING_VERSION = 1.0;
				PRODUCT_BUNDLE_IDENTIFIER = ge.academy.CollabProject;
				PRODUCT_NAME = "$(TARGET_NAME)";
				SWIFT_EMIT_LOC_STRINGS = YES;
				SWIFT_VERSION = 5.0;
				TARGETED_DEVICE_FAMILY = "1,2";
			};
			name = Release;
		};
/* End XCBuildConfiguration section */

/* Begin XCConfigurationList section */
		8CAB4F6D2BF73B5F0095874F /* Build configuration list for PBXProject "CollabProject" */ = {
			isa = XCConfigurationList;
			buildConfigurations = (
				8CAB4F842BF73B610095874F /* Debug */,
				8CAB4F852BF73B610095874F /* Release */,
			);
			defaultConfigurationIsVisible = 0;
			defaultConfigurationName = Release;
		};
		8CAB4F862BF73B610095874F /* Build configuration list for PBXNativeTarget "CollabProject" */ = {
			isa = XCConfigurationList;
			buildConfigurations = (
				8CAB4F872BF73B610095874F /* Debug */,
				8CAB4F882BF73B610095874F /* Release */,
			);
			defaultConfigurationIsVisible = 0;
			defaultConfigurationName = Release;
		};
/* End XCConfigurationList section */

/* Begin XCRemoteSwiftPackageReference section */
		8CAB4FB02BF742670095874F /* XCRemoteSwiftPackageReference "FetchingAPI_Package" */ = {
			isa = XCRemoteSwiftPackageReference;
			repositoryURL = "https://github.com/tamokakhidze/FetchingAPI_Package";
			requirement = {
				branch = main;
				kind = branch;
			};
		};
/* End XCRemoteSwiftPackageReference section */

/* Begin XCSwiftPackageProductDependency section */
		8CAB4FB12BF742670095874F /* NetworkServicePackage */ = {
			isa = XCSwiftPackageProductDependency;
			package = 8CAB4FB02BF742670095874F /* XCRemoteSwiftPackageReference "FetchingAPI_Package" */;
			productName = NetworkServicePackage;
		};
/* End XCSwiftPackageProductDependency section */
	};
	rootObject = 8CAB4F6A2BF73B5F0095874F /* Project object */;
}
